{
    "_readme": [
        "This file locks the dependencies of your project to a known state",
        "Read more about it at https://getcomposer.org/doc/01-basic-usage.md#installing-dependencies",
        "This file is @generated automatically"
    ],
    "content-hash": "fa385f5fdb140355d153fd8bab26675e",
    "packages": [],
    "packages-dev": [],
    "aliases": [],
    "minimum-stability": "stable",
    "stability-flags": [],
    "prefer-stable": false,
    "prefer-lowest": false,
    "platform": {
        "php": "7.4.28"
    },
    "platform-dev": [],
    "platform-overrides": {
        "php": "7.4.28"
    },
    "plugin-api-version": "2.2.0"
}
